{
  "nodes": {
    "nixpkgs": {
      "locked": {
        "lastModified": 1763093907,
        "narHash": "sha256-V/M4Al/4H1J71xVpRAkG+SM6Od5rDkjP5g4m4qtiqk4=",
        "owner": "nixos",
        "repo": "nixpkgs",
        "rev": "fd06146678238e52759dd52ba8cff6ddd9f99374",
        "type": "github"
      },
      "original": {
        "owner": "nixos",
        "repo": "nixpkgs",
        "type": "github"
      }
    },
    "root": {
      "inputs": {
        "nixpkgs": "nixpkgs"
      }
    }
  },
  "root": "root",
  "version": 7
}
